{
  "version": "3",
  "packages": {
    "specifiers": {
      "npm:@atproto/api@0.6.20": "npm:@atproto/api@0.6.20"
    },
    "npm": {
      "@atproto/api@0.6.20": {
        "integrity": "sha512-+peoKgkaxbglXQg9qEZcZIvyWm39yj0+syV3TBDrz5cWK4OIsdOyYBg2iISy+jvB5RzEUMe2WvOojP6Nq34mOg==",
        "dependencies": {
          "@atproto/common-web": "@atproto/common-web@0.2.1",
          "@atproto/lexicon": "@atproto/lexicon@0.2.2",
          "@atproto/syntax": "@atproto/syntax@0.1.2",
          "@atproto/xrpc": "@atproto/xrpc@0.3.2",
          "multiformats": "multiformats@9.9.0",
          "tlds": "tlds@1.243.0",
          "typed-emitter": "typed-emitter@2.1.0"
        }
      },
      "@atproto/common-web@0.2.1": {
        "integrity": "sha512-5AoDKkKz7JhXSiicjhPihA/MJMlSuTQ9Aed9fflPuoTuT6C3aXbxaUZEcqqipSwlCfGpOzPmJmWJjMWWsYr2ew==",
        "dependencies": {
          "graphemer": "graphemer@1.4.0",
          "multiformats": "multiformats@9.9.0",
          "uint8arrays": "uint8arrays@3.0.0",
          "zod": "zod@3.22.4"
        }
      },
      "@atproto/lexicon@0.2.2": {
        "integrity": "sha512-CvmjaSDavHMOJTuNYE8VjYhL7TVxBYV8QSWh2jHCpzfmj02DvVD9UBIfnoVv67POJkEtWXddjoV9beaIbaq/Xg==",
        "dependencies": {
          "@atproto/common-web": "@atproto/common-web@0.2.1",
          "@atproto/syntax": "@atproto/syntax@0.1.2",
          "iso-datestring-validator": "iso-datestring-validator@2.2.2",
          "multiformats": "multiformats@9.9.0",
          "zod": "zod@3.22.4"
        }
      },
      "@atproto/syntax@0.1.2": {
        "integrity": "sha512-n6VSuccMGouwftCvZBq9WNwI0qYCMOH/lTHSV+/dT232lX7pIrqisOlErUSBoOJ49B1Wxy1DjeeBS26ap9SsGQ==",
        "dependencies": {
          "@atproto/common-web": "@atproto/common-web@0.2.1"
        }
      },
      "@atproto/xrpc@0.3.2": {
        "integrity": "sha512-D9jGjcFnEMHuGQ56v6+78uX3RiytKLrA5ITLq6shy0Qj6Zvt5MqV+/cTFuNPKrNCrnWOtHFeRQwMqyGhNS9qZQ==",
        "dependencies": {
          "@atproto/lexicon": "@atproto/lexicon@0.2.2",
          "zod": "zod@3.22.4"
        }
      },
      "graphemer@1.4.0": {
        "integrity": "sha512-EtKwoO6kxCL9WO5xipiHTZlSzBm7WLT627TqC/uVRd0HKmq8NXyebnNYxDoBi7wt8eTWrUrKXCOVaFq9x1kgag==",
        "dependencies": {}
      },
      "iso-datestring-validator@2.2.2": {
        "integrity": "sha512-yLEMkBbLZTlVQqOnQ4FiMujR6T4DEcCb1xizmvXS+OxuhwcbtynoosRzdMA69zZCShCNAbi+gJ71FxZBBXx1SA==",
        "dependencies": {}
      },
      "multiformats@9.9.0": {
        "integrity": "sha512-HoMUjhH9T8DDBNT+6xzkrd9ga/XiBI4xLr58LJACwK6G3HTOPeMz4nB4KJs33L2BelrIJa7P0VuNaVF3hMYfjg==",
        "dependencies": {}
      },
      "rxjs@7.8.1": {
        "integrity": "sha512-AA3TVj+0A2iuIoQkWEK/tqFjBq2j+6PO6Y0zJcvzLAFhEFIO3HL0vls9hWLncZbAAbK0mar7oZ4V079I/qPMxg==",
        "dependencies": {
          "tslib": "tslib@2.6.2"
        }
      },
      "tlds@1.243.0": {
        "integrity": "sha512-jA0EMB5YFZFX2VqmK/Ra4O1UqDuWnpiw/9miYFdG1lVIDg6w9IsjlXK0TGlqFnzsnuBIpP5rCDFT2iPZNOfvqA==",
        "dependencies": {}
      },
      "tslib@2.6.2": {
        "integrity": "sha512-AEYxH93jGFPn/a2iVAwW87VuUIkR1FVUKB77NwMF7nBTDkDrrT/Hpt/IrCJ0QXhW27jTBDcf5ZY7w6RiqTMw2Q==",
        "dependencies": {}
      },
      "typed-emitter@2.1.0": {
        "integrity": "sha512-g/KzbYKbH5C2vPkaXGu8DJlHrGKHLsM25Zg9WuC9pMGfuvT+X25tZQWo5fK1BjBm8+UrVE9LDCvaY0CQk+fXDA==",
        "dependencies": {
          "rxjs": "rxjs@7.8.1"
        }
      },
      "uint8arrays@3.0.0": {
        "integrity": "sha512-HRCx0q6O9Bfbp+HHSfQQKD7wU70+lydKVt4EghkdOvlK/NlrF90z+eXV34mUd48rNvVJXwkrMSPpCATkct8fJA==",
        "dependencies": {
          "multiformats": "multiformats@9.9.0"
        }
      },
      "zod@3.22.4": {
        "integrity": "sha512-iC+8Io04lddc+mVqQ9AZ7OQ2MrUKGN+oIQyq1vemgt46jwCwLfhq7/pwnBnNXXXZb8VTVLKwp9EDkx+ryxIWmg==",
        "dependencies": {}
      }
    }
  },
  "redirects": {
    "https://deno.land/x/deno_dom/deno-dom-wasm.ts": "https://deno.land/x/deno_dom@v0.1.41-alpha-artifacts/deno-dom-wasm.ts",
    "https://deno.land/x/deno_image/mod.ts": "https://deno.land/x/deno_image@0.0.4/mod.ts"
  },
  "remote": {
    "https://deno.land/x/deno_dom@v0.1.41-alpha-artifacts/build/deno-wasm/deno-wasm.js": "d6841a06342eb6a2798ef28de79ad69c0f2fa349fa04d3ca45e5fcfbf50a9340",
    "https://deno.land/x/deno_dom@v0.1.41-alpha-artifacts/deno-dom-wasm.ts": "a33d160421bbb6e3104285ea5ebf33352b7ad50d82ea8765e3cf65f972b25119",
    "https://deno.land/x/deno_dom@v0.1.41-alpha-artifacts/src/api.ts": "0ff5790f0a3eeecb4e00b7d8fbfa319b165962cf6d0182a65ba90f158d74f7d7",
    "https://deno.land/x/deno_dom@v0.1.41-alpha-artifacts/src/constructor-lock.ts": "59714df7e0571ec7bd338903b1f396202771a6d4d7f55a452936bd0de9deb186",
    "https://deno.land/x/deno_dom@v0.1.41-alpha-artifacts/src/deserialize.ts": "1cf4096678d8afed8ed28dbad690504c4d2c28149ba768b26eacd1416873425b",
    "https://deno.land/x/deno_dom@v0.1.41-alpha-artifacts/src/dom/document-fragment.ts": "1c7352a3c816587ed7fad574b42636198f680f17abc3836fcfe7799b31e7718f",
    "https://deno.land/x/deno_dom@v0.1.41-alpha-artifacts/src/dom/document.ts": "b8f4e4ccabaaa063d6562a0f2f8dea9c0419515d63d8bd79bfde95f7cd64bd93",
    "https://deno.land/x/deno_dom@v0.1.41-alpha-artifacts/src/dom/dom-parser.ts": "609097b426f8c2358f3e5d2bca55ed026cf26cdf86562e94130dfdb0f2537f92",
    "https://deno.land/x/deno_dom@v0.1.41-alpha-artifacts/src/dom/element.ts": "ea4fb3429dd2bfb74bf4ef683069e94d1c52a39f2c125cc926d3dfc8f749d8e2",
    "https://deno.land/x/deno_dom@v0.1.41-alpha-artifacts/src/dom/elements/html-template-element.ts": "740b97a5378c9a14cccf3429299846eda240b613013e2d2d7f20b393897453c2",
    "https://deno.land/x/deno_dom@v0.1.41-alpha-artifacts/src/dom/html-collection.ts": "ae90197f5270c32074926ad6cf30ee07d274d44596c7e413c354880cebce8565",
    "https://deno.land/x/deno_dom@v0.1.41-alpha-artifacts/src/dom/node-list.ts": "4c6e4b4585301d4147addaccd90cb5f5a80e8d6290a1ba7058c5e3dfea16e15d",
    "https://deno.land/x/deno_dom@v0.1.41-alpha-artifacts/src/dom/node.ts": "3069e6fc93ac4111a136ed68199d76673339842b9751610ba06f111ba7dc10a7",
    "https://deno.land/x/deno_dom@v0.1.41-alpha-artifacts/src/dom/selectors/custom-api.ts": "852696bd58e534bc41bd3be9e2250b60b67cd95fd28ed16b1deff1d548531a71",
    "https://deno.land/x/deno_dom@v0.1.41-alpha-artifacts/src/dom/selectors/nwsapi-types.ts": "c43b36c36acc5d32caabaa54fda8c9d239b2b0fcbce9a28efb93c84aa1021698",
    "https://deno.land/x/deno_dom@v0.1.41-alpha-artifacts/src/dom/selectors/nwsapi.js": "985d7d8fc1eabbb88946b47a1c44c1b2d4aa79ff23c21424219f1528fa27a2ff",
    "https://deno.land/x/deno_dom@v0.1.41-alpha-artifacts/src/dom/selectors/selectors.ts": "83eab57be2290fb48e3130533448c93c6c61239f2a2f3b85f1917f80ca0fdc75",
    "https://deno.land/x/deno_dom@v0.1.41-alpha-artifacts/src/dom/selectors/sizzle-types.ts": "78149e2502409989ce861ed636b813b059e16bc267bb543e7c2b26ef43e4798b",
    "https://deno.land/x/deno_dom@v0.1.41-alpha-artifacts/src/dom/selectors/sizzle.js": "c3aed60c1045a106d8e546ac2f85cc82e65f62d9af2f8f515210b9212286682a",
    "https://deno.land/x/deno_dom@v0.1.41-alpha-artifacts/src/dom/utils-types.ts": "96db30e3e4a75b194201bb9fa30988215da7f91b380fca6a5143e51ece2a8436",
    "https://deno.land/x/deno_dom@v0.1.41-alpha-artifacts/src/dom/utils.ts": "55f3e9dc71d6c4a54605888d3f99d26fb0cf9973924709f159252a6933ceeabe",
    "https://deno.land/x/deno_dom@v0.1.41-alpha-artifacts/src/parser.ts": "e06b2300d693e6ae7564e53dfa5c9a9e97fdb8c044c39c52c8b93b5d60860be3",
    "https://deno.land/x/deno_image@0.0.4/deps.ts": "ab0d77ff6a832f98fd47ca3eccc53c277c188768b9526743dbce76e8944ddceb",
    "https://deno.land/x/deno_image@0.0.4/index.ts": "53a1ad6d0d1bfc158b2f4d774077e691d7384540bc93db74254ad32106982b7f",
    "https://deno.land/x/deno_image@0.0.4/lib/decoders/fast-png/PNGDecoder.ts": "9ab11e0e4081ae9beec33bc9fff2343d0cacd9f97e7493f8ecaa836b3855b4e6",
    "https://deno.land/x/deno_image@0.0.4/lib/decoders/fast-png/PNGEncoder.ts": "d24f87fffed9f59ae65e51562d049db16bb73d81416de44f4e38923c552d076a",
    "https://deno.land/x/deno_image@0.0.4/lib/decoders/fast-png/common.ts": "96a3ee4a7e5e2067d51fd89a60e3a25c34bde867629d576285078ce3619c0789",
    "https://deno.land/x/deno_image@0.0.4/lib/decoders/fast-png/index.ts": "e6af07e10d88bdf988a723a7dd9bcc278f0e797374f2b8c74d9e76f134117121",
    "https://deno.land/x/deno_image@0.0.4/lib/decoders/fast-png/internalTypes.ts": "aa00b83cb49aa2c6cc833e4f28476e6ed5b4a5995aaa3da465c54e3fe9df0acd",
    "https://deno.land/x/deno_image@0.0.4/lib/decoders/fast-png/iobuffer/IOBuffer.ts": "a030ae19737ebb98576f3ffcb620ce63058b98fe0f44528440b94d973823face",
    "https://deno.land/x/deno_image@0.0.4/lib/decoders/fast-png/iobuffer/utf8.ts": "c2241c9ac7a46ca0734ffc040c704c506d9447cafc1975ca65c574f0a9391d59",
    "https://deno.land/x/deno_image@0.0.4/lib/decoders/fast-png/pako/index.js": "315a2b1dc7709050d632dbea1c920a4dc405f7079e88494d217d12d7a0d7e285",
    "https://deno.land/x/deno_image@0.0.4/lib/decoders/fast-png/pako/lib/deflate.js": "f019793490803b3ac8e0193dcb9c5787b394909182a09cb5125767e4031c3c0e",
    "https://deno.land/x/deno_image@0.0.4/lib/decoders/fast-png/pako/lib/inflate.js": "7c07d6084f95159405356fd35a77d6c79f35ca19048bb8e35630477f6da3cd34",
    "https://deno.land/x/deno_image@0.0.4/lib/decoders/fast-png/pako/lib/utils/common.js": "d4e0dfc23eece2ab062d53e2f9726c14675bfe20cd890eeceb87291f31c5439b",
    "https://deno.land/x/deno_image@0.0.4/lib/decoders/fast-png/pako/lib/utils/strings.js": "93d014c89c3d72ae2de82b29ae2e93583c203c04a494886d1826095b30e2c4fe",
    "https://deno.land/x/deno_image@0.0.4/lib/decoders/fast-png/pako/lib/zlib/adler32.js": "495ef7b1d93d1b12aacfa0f13ef8d7f8f90e2b0073942bfc01b15d2b54e7f5d1",
    "https://deno.land/x/deno_image@0.0.4/lib/decoders/fast-png/pako/lib/zlib/constants.js": "a50cd695b9408e424c1c04d3d5b50c06051861beb8417d008c2a973073c285cc",
    "https://deno.land/x/deno_image@0.0.4/lib/decoders/fast-png/pako/lib/zlib/crc32.js": "529262cc302562e854873480dfa2654ce9b7ee32474cbbf12526426928e001be",
    "https://deno.land/x/deno_image@0.0.4/lib/decoders/fast-png/pako/lib/zlib/deflate.js": "29b5c80f4ee3df72dd267693069a7418fec4d3c00015453539cf8ea28dd8952c",
    "https://deno.land/x/deno_image@0.0.4/lib/decoders/fast-png/pako/lib/zlib/gzheader.js": "7395e33c625c064dfcbee9b84f4ff77c47a94dda9e117e1aca749df96c5b76f9",
    "https://deno.land/x/deno_image@0.0.4/lib/decoders/fast-png/pako/lib/zlib/inffast.js": "113e0dc8a0878880ac0b5437b66395309938f55b6036613f3bcc4cd2b0c95baa",
    "https://deno.land/x/deno_image@0.0.4/lib/decoders/fast-png/pako/lib/zlib/inflate.js": "c3d6cfaf68a4c2d97d24e5bd7754622b59860fcd317a0f56cde5431e51ad5fed",
    "https://deno.land/x/deno_image@0.0.4/lib/decoders/fast-png/pako/lib/zlib/inftrees.js": "53c160e37b83f2325b1d85b7927bfde7bdd680a85175affef0862e5bfe775681",
    "https://deno.land/x/deno_image@0.0.4/lib/decoders/fast-png/pako/lib/zlib/messages.js": "ed9ad2f2379aab2cffa6692db2a5be3a2af30d36f3940339b053a10045d8a2a6",
    "https://deno.land/x/deno_image@0.0.4/lib/decoders/fast-png/pako/lib/zlib/trees.js": "a2f17c8e20e57214076c1efa1bf9d1444543ce7b6de364f09cab9ec7a0a4a31b",
    "https://deno.land/x/deno_image@0.0.4/lib/decoders/fast-png/pako/lib/zlib/zstream.js": "a4667e4b65cc69d31787cf1a695533e22e0b54e441d470524db6abe82bc29a25",
    "https://deno.land/x/deno_image@0.0.4/lib/decoders/fast-png/types.ts": "1dd91035997af1ea8d92a8887b9c28401ccf5f453ea5442e542055d94ca92602",
    "https://deno.land/x/deno_image@0.0.4/lib/resize/resize.js": "271fc007ae18b90628f1c9b213ac900875ccec31214fe9cfc338a467237acbdc",
    "https://deno.land/x/deno_image@0.0.4/mime-type.ts": "f6cbba14a3a6503554113bf6f9acae8fd6112245e1e659a922828fc2acab1d1f",
    "https://deno.land/x/deno_image@0.0.4/mod.ts": "ff0028d3593dc470ddddba3ee6701f340ade4e9af5a9068272539589b42d6d0a",
    "https://deno.land/x/jpegts@1.1/lib/decoder.ts": "b8823ee917fc99a1e085c353b2cd4ca1fbaacaaf1f80be94175e42487666c822",
    "https://deno.land/x/jpegts@1.1/lib/encoder.ts": "d75fc5ae88f77e1fa349af08d7a46937add31a03b6d3605ff4d2e3303eb32b3b",
    "https://deno.land/x/jpegts@1.1/lib/image.ts": "32255e99b6c1bf4e72e13367516a0d878ba9d195d81fac1f145ce4c11e951962",
    "https://deno.land/x/jpegts@1.1/lib/pixel.ts": "19f7f28f09514157be87d01d1d12915cc17c787d8c1707899d2f5570ac6a12fe",
    "https://deno.land/x/jpegts@1.1/mod.ts": "2014257f7269bcc822a4d6eb871e5002b347f13a641c12d45c1a61586374f127"
  }
}
